// !$*UTF8*$!
{
	archiveVersion = 1;
	classes = {
	};
	objectVersion = 42;
	objects = {

/* Begin PBXBuildFile section */
		F83E51CF0D8304E0007EAEEF /* BooksApp.h in Sources */ = {isa = PBXBuildFile; fileRef = F8214B860D7A0B05006A195D /* BooksApp.h */; };
		F83E51D00D8304E0007EAEEF /* BooksApp.m in Sources */ = {isa = PBXBuildFile; fileRef = F8214B870D7A0B05006A195D /* BooksApp.m */; };
		F83E51D10D8304E0007EAEEF /* BooksDefaultsController.h in Sources */ = {isa = PBXBuildFile; fileRef = F8214B880D7A0B05006A195D /* BooksDefaultsController.h */; };
		F83E51D20D8304E0007EAEEF /* BooksDefaultsController.m in Sources */ = {isa = PBXBuildFile; fileRef = F8214B890D7A0B05006A195D /* BooksDefaultsController.m */; };
		F83E51D30D8304E0007EAEEF /* ChapteredHTML.h in Sources */ = {isa = PBXBuildFile; fileRef = F8214B8A0D7A0B05006A195D /* ChapteredHTML.h */; };
		F83E51D40D8304E0007EAEEF /* ChapteredHTML.m in Sources */ = {isa = PBXBuildFile; fileRef = F8214B8B0D7A0B05006A195D /* ChapteredHTML.m */; };
		F83E51D50D8304E0007EAEEF /* common.h in Sources */ = {isa = PBXBuildFile; fileRef = F8214B8C0D7A0B05006A195D /* common.h */; };
		F83E51D60D8304E0007EAEEF /* dolog.h in Sources */ = {isa = PBXBuildFile; fileRef = F8214B8D0D7A0B05006A195D /* dolog.h */; };
		F83E51D70D8304E0007EAEEF /* dolog.m in Sources */ = {isa = PBXBuildFile; fileRef = F8214B8E0D7A0B05006A195D /* dolog.m */; };
		F83E51D80D8304E0007EAEEF /* EBookImageView.h in Sources */ = {isa = PBXBuildFile; fileRef = F8214B8F0D7A0B05006A195D /* EBookImageView.h */; };
		F83E51D90D8304E0007EAEEF /* EBookImageView.m in Sources */ = {isa = PBXBuildFile; fileRef = F8214B900D7A0B05006A195D /* EBookImageView.m */; };
		F83E51DA0D8304E0007EAEEF /* EBookView.h in Sources */ = {isa = PBXBuildFile; fileRef = F8214B910D7A0B05006A195D /* EBookView.h */; };
		F83E51DB0D8304E0007EAEEF /* EBookView.m in Sources */ = {isa = PBXBuildFile; fileRef = F8214B920D7A0B05006A195D /* EBookView.m */; };
		F83E51DC0D8304E0007EAEEF /* EncodingPrefsController.h in Sources */ = {isa = PBXBuildFile; fileRef = F8214B930D7A0B05006A195D /* EncodingPrefsController.h */; };
		F83E51DD0D8304E0007EAEEF /* EncodingPrefsController.m in Sources */ = {isa = PBXBuildFile; fileRef = F8214B940D7A0B05006A195D /* EncodingPrefsController.m */; };
		F83E51DE0D8304E0007EAEEF /* FileBrowser.h in Sources */ = {isa = PBXBuildFile; fileRef = F8214B950D7A0B05006A195D /* FileBrowser.h */; };
		F83E51DF0D8304E0007EAEEF /* FileBrowser.m in Sources */ = {isa = PBXBuildFile; fileRef = F8214B960D7A0B05006A195D /* FileBrowser.m */; };
		F83E51E00D8304E0007EAEEF /* FileTable.h in Sources */ = {isa = PBXBuildFile; fileRef = F8214B970D7A0B05006A195D /* FileTable.h */; };
		F83E51E10D8304E0007EAEEF /* FileTable.m in Sources */ = {isa = PBXBuildFile; fileRef = F8214B980D7A0B05006A195D /* FileTable.m */; };
		F83E51E20D8304E0007EAEEF /* FontChoiceController.h in Sources */ = {isa = PBXBuildFile; fileRef = F8214B990D7A0B05006A195D /* FontChoiceController.h */; };
		F83E51E30D8304E0007EAEEF /* FontChoiceController.m in Sources */ = {isa = PBXBuildFile; fileRef = F8214B9A0D7A0B05006A195D /* FontChoiceController.m */; };
		F83E51E40D8304E0007EAEEF /* HideableNavBar.h in Sources */ = {isa = PBXBuildFile; fileRef = F8214B9B0D7A0B05006A195D /* HideableNavBar.h */; };
		F83E51E50D8304E0007EAEEF /* HideableNavBar.m in Sources */ = {isa = PBXBuildFile; fileRef = F8214B9C0D7A0B05006A195D /* HideableNavBar.m */; };
		F83E51E60D8304E0007EAEEF /* HTMLFixer.h in Sources */ = {isa = PBXBuildFile; fileRef = F8214B9D0D7A0B05006A195D /* HTMLFixer.h */; };
		F83E51E70D8304E0007EAEEF /* HTMLFixer.m in Sources */ = {isa = PBXBuildFile; fileRef = F8214B9E0D7A0B05006A195D /* HTMLFixer.m */; };
		F83E51E80D8304E0007EAEEF /* mainapp.m in Sources */ = {isa = PBXBuildFile; fileRef = F8214B9F0D7A0B05006A195D /* mainapp.m */; };
		F83E51E90D8304E0007EAEEF /* NSString-BooksAppAdditions.h in Sources */ = {isa = PBXBuildFile; fileRef = F8214BA00D7A0B05006A195D /* NSString-BooksAppAdditions.h */; };
		F83E51EA0D8304E0007EAEEF /* NSString-BooksAppAdditions.m in Sources */ = {isa = PBXBuildFile; fileRef = F8214BA10D7A0B05006A195D /* NSString-BooksAppAdditions.m */; };
		F83E51EB0D8304E0007EAEEF /* PreferencesController.h in Sources */ = {isa = PBXBuildFile; fileRef = F8214BB30D7A0B05006A195D /* PreferencesController.h */; };
		F83E51EC0D8304E0007EAEEF /* PreferencesController.m in Sources */ = {isa = PBXBuildFile; fileRef = F8214BB40D7A0B05006A195D /* PreferencesController.m */; };
		F83E51ED0D8304E0007EAEEF /* Regex.h in Sources */ = {isa = PBXBuildFile; fileRef = F8214BB50D7A0B05006A195D /* Regex.h */; };
		F83E51EE0D8304E0007EAEEF /* Regex.m in Sources */ = {isa = PBXBuildFile; fileRef = F8214BB60D7A0B05006A195D /* Regex.m */; };
		F83E51EF0D8304E0007EAEEF /* UIViewHeartbeat.h in Sources */ = {isa = PBXBuildFile; fileRef = F8214BB70D7A0B05006A195D /* UIViewHeartbeat.h */; };
		F83E51F00D8304ED007EAEEF /* jconfig.h in Sources */ = {isa = PBXBuildFile; fileRef = F8214BA30D7A0B05006A195D /* jconfig.h */; };
		F83E51F10D8304ED007EAEEF /* jerror.h in Sources */ = {isa = PBXBuildFile; fileRef = F8214BA40D7A0B05006A195D /* jerror.h */; };
		F83E51F20D8304ED007EAEEF /* jmorecfg.h in Sources */ = {isa = PBXBuildFile; fileRef = F8214BA50D7A0B05006A195D /* jmorecfg.h */; };
		F83E51F30D8304ED007EAEEF /* jpeglib.h in Sources */ = {isa = PBXBuildFile; fileRef = F8214BA60D7A0B05006A195D /* jpeglib.h */; };
		F83E51F40D8304ED007EAEEF /* palmconvert.h in Sources */ = {isa = PBXBuildFile; fileRef = F8214BA70D7A0B05006A195D /* palmconvert.h */; };
		F83E51F50D8304ED007EAEEF /* palmconvert.m in Sources */ = {isa = PBXBuildFile; fileRef = F8214BA80D7A0B05006A195D /* palmconvert.m */; };
		F83E51F60D8304ED007EAEEF /* pluckhtml.h in Sources */ = {isa = PBXBuildFile; fileRef = F8214BAB0D7A0B05006A195D /* pluckhtml.h */; };
		F83E51F70D8304ED007EAEEF /* pluckhtml.m in Sources */ = {isa = PBXBuildFile; fileRef = F8214BAC0D7A0B05006A195D /* pluckhtml.m */; };
		F83E51F80D8304ED007EAEEF /* txt2pdbdoc.h in Sources */ = {isa = PBXBuildFile; fileRef = F8214BAD0D7A0B05006A195D /* txt2pdbdoc.h */; };
		F83E51F90D8304ED007EAEEF /* txt2pdbdoc.m in Sources */ = {isa = PBXBuildFile; fileRef = F8214BAE0D7A0B05006A195D /* txt2pdbdoc.m */; };
		F83E51FA0D8304ED007EAEEF /* unpluck.c in Sources */ = {isa = PBXBuildFile; fileRef = F8214BAF0D7A0B05006A195D /* unpluck.c */; };
		F83E51FB0D8304ED007EAEEF /* unpluck.h in Sources */ = {isa = PBXBuildFile; fileRef = F8214BB00D7A0B05006A195D /* unpluck.h */; };
		F83E51FC0D8304ED007EAEEF /* unpluckint.h in Sources */ = {isa = PBXBuildFile; fileRef = F8214BB10D7A0B05006A195D /* unpluckint.h */; };
		F83E51FD0D8304ED007EAEEF /* util.c in Sources */ = {isa = PBXBuildFile; fileRef = F8214BB20D7A0B05006A195D /* util.c */; };
/* End PBXBuildFile section */

/* Begin PBXFileReference section */
		8D1107310486CEB800E47090 /* Info.plist */ = {isa = PBXFileReference; fileEncoding = 4; lastKnownFileType = text.plist; path = Info.plist; sourceTree = "<group>"; };
		D90F56E20C671CD1007AE76B /* Foundation.framework */ = {isa = PBXFileReference; lastKnownFileType = wrapper.framework; name = Foundation.framework; path = /Developer/SDKs/iPhone.sdk/System/Library/Frameworks/Foundation.framework; sourceTree = "<absolute>"; };
		D90F56E30C671CD1007AE76B /* UIKit.framework */ = {isa = PBXFileReference; lastKnownFileType = wrapper.framework; name = UIKit.framework; path = /Developer/SDKs/iPhone.sdk/System/Library/Frameworks/UIKit.framework; sourceTree = "<absolute>"; };
		D92591D70C6B431100BBDBBC /* Makefile */ = {isa = PBXFileReference; fileEncoding = 30; lastKnownFileType = sourcecode.make; path = Makefile; sourceTree = "<group>"; };
		D9C1849B0C6B467300A7383F /* books_Prefix.pch */ = {isa = PBXFileReference; fileEncoding = 30; lastKnownFileType = sourcecode.c.h; path = books_Prefix.pch; sourceTree = "<group>"; };
		F8214B860D7A0B05006A195D /* BooksApp.h */ = {isa = PBXFileReference; fileEncoding = 4; lastKnownFileType = sourcecode.c.h; name = BooksApp.h; path = source/BooksApp.h; sourceTree = "<group>"; };
		F8214B870D7A0B05006A195D /* BooksApp.m */ = {isa = PBXFileReference; fileEncoding = 4; lastKnownFileType = sourcecode.c.objc; name = BooksApp.m; path = source/BooksApp.m; sourceTree = "<group>"; };
		F8214B880D7A0B05006A195D /* BooksDefaultsController.h */ = {isa = PBXFileReference; fileEncoding = 4; lastKnownFileType = sourcecode.c.h; name = BooksDefaultsController.h; path = source/BooksDefaultsController.h; sourceTree = "<group>"; };
		F8214B890D7A0B05006A195D /* BooksDefaultsController.m */ = {isa = PBXFileReference; fileEncoding = 4; lastKnownFileType = sourcecode.c.objc; name = BooksDefaultsController.m; path = source/BooksDefaultsController.m; sourceTree = "<group>"; };
		F8214B8A0D7A0B05006A195D /* ChapteredHTML.h */ = {isa = PBXFileReference; fileEncoding = 4; lastKnownFileType = sourcecode.c.h; name = ChapteredHTML.h; path = source/ChapteredHTML.h; sourceTree = "<group>"; };
		F8214B8B0D7A0B05006A195D /* ChapteredHTML.m */ = {isa = PBXFileReference; fileEncoding = 4; lastKnownFileType = sourcecode.c.objc; name = ChapteredHTML.m; path = source/ChapteredHTML.m; sourceTree = "<group>"; };
		F8214B8C0D7A0B05006A195D /* common.h */ = {isa = PBXFileReference; fileEncoding = 4; lastKnownFileType = sourcecode.c.h; name = common.h; path = source/common.h; sourceTree = "<group>"; };
		F8214B8D0D7A0B05006A195D /* dolog.h */ = {isa = PBXFileReference; fileEncoding = 4; lastKnownFileType = sourcecode.c.h; name = dolog.h; path = source/dolog.h; sourceTree = "<group>"; };
		F8214B8E0D7A0B05006A195D /* dolog.m */ = {isa = PBXFileReference; fileEncoding = 4; lastKnownFileType = sourcecode.c.objc; name = dolog.m; path = source/dolog.m; sourceTree = "<group>"; };
		F8214B8F0D7A0B05006A195D /* EBookImageView.h */ = {isa = PBXFileReference; fileEncoding = 4; lastKnownFileType = sourcecode.c.h; name = EBookImageView.h; path = source/EBookImageView.h; sourceTree = "<group>"; };
		F8214B900D7A0B05006A195D /* EBookImageView.m */ = {isa = PBXFileReference; fileEncoding = 4; lastKnownFileType = sourcecode.c.objc; name = EBookImageView.m; path = source/EBookImageView.m; sourceTree = "<group>"; };
		F8214B910D7A0B05006A195D /* EBookView.h */ = {isa = PBXFileReference; fileEncoding = 4; lastKnownFileType = sourcecode.c.h; name = EBookView.h; path = source/EBookView.h; sourceTree = "<group>"; };
		F8214B920D7A0B05006A195D /* EBookView.m */ = {isa = PBXFileReference; fileEncoding = 4; lastKnownFileType = sourcecode.c.objc; name = EBookView.m; path = source/EBookView.m; sourceTree = "<group>"; };
		F8214B930D7A0B05006A195D /* EncodingPrefsController.h */ = {isa = PBXFileReference; fileEncoding = 4; lastKnownFileType = sourcecode.c.h; name = EncodingPrefsController.h; path = source/EncodingPrefsController.h; sourceTree = "<group>"; };
		F8214B940D7A0B05006A195D /* EncodingPrefsController.m */ = {isa = PBXFileReference; fileEncoding = 4; lastKnownFileType = sourcecode.c.objc; name = EncodingPrefsController.m; path = source/EncodingPrefsController.m; sourceTree = "<group>"; };
		F8214B950D7A0B05006A195D /* FileBrowser.h */ = {isa = PBXFileReference; fileEncoding = 4; lastKnownFileType = sourcecode.c.h; name = FileBrowser.h; path = source/FileBrowser.h; sourceTree = "<group>"; };
		F8214B960D7A0B05006A195D /* FileBrowser.m */ = {isa = PBXFileReference; fileEncoding = 4; lastKnownFileType = sourcecode.c.objc; name = FileBrowser.m; path = source/FileBrowser.m; sourceTree = "<group>"; };
		F8214B970D7A0B05006A195D /* FileTable.h */ = {isa = PBXFileReference; fileEncoding = 4; lastKnownFileType = sourcecode.c.h; name = FileTable.h; path = source/FileTable.h; sourceTree = "<group>"; };
		F8214B980D7A0B05006A195D /* FileTable.m */ = {isa = PBXFileReference; fileEncoding = 4; lastKnownFileType = sourcecode.c.objc; name = FileTable.m; path = source/FileTable.m; sourceTree = "<group>"; };
		F8214B990D7A0B05006A195D /* FontChoiceController.h */ = {isa = PBXFileReference; fileEncoding = 4; lastKnownFileType = sourcecode.c.h; name = FontChoiceController.h; path = source/FontChoiceController.h; sourceTree = "<group>"; };
		F8214B9A0D7A0B05006A195D /* FontChoiceController.m */ = {isa = PBXFileReference; fileEncoding = 4; lastKnownFileType = sourcecode.c.objc; name = FontChoiceController.m; path = source/FontChoiceController.m; sourceTree = "<group>"; };
		F8214B9B0D7A0B05006A195D /* HideableNavBar.h */ = {isa = PBXFileReference; fileEncoding = 4; lastKnownFileType = sourcecode.c.h; name = HideableNavBar.h; path = source/HideableNavBar.h; sourceTree = "<group>"; };
		F8214B9C0D7A0B05006A195D /* HideableNavBar.m */ = {isa = PBXFileReference; fileEncoding = 4; lastKnownFileType = sourcecode.c.objc; name = HideableNavBar.m; path = source/HideableNavBar.m; sourceTree = "<group>"; };
		F8214B9D0D7A0B05006A195D /* HTMLFixer.h */ = {isa = PBXFileReference; fileEncoding = 4; lastKnownFileType = sourcecode.c.h; name = HTMLFixer.h; path = source/HTMLFixer.h; sourceTree = "<group>"; };
		F8214B9E0D7A0B05006A195D /* HTMLFixer.m */ = {isa = PBXFileReference; fileEncoding = 4; lastKnownFileType = sourcecode.c.objc; name = HTMLFixer.m; path = source/HTMLFixer.m; sourceTree = "<group>"; };
		F8214B9F0D7A0B05006A195D /* mainapp.m */ = {isa = PBXFileReference; fileEncoding = 4; lastKnownFileType = sourcecode.c.objc; name = mainapp.m; path = source/mainapp.m; sourceTree = "<group>"; };
		F8214BA00D7A0B05006A195D /* NSString-BooksAppAdditions.h */ = {isa = PBXFileReference; fileEncoding = 4; lastKnownFileType = sourcecode.c.h; name = "NSString-BooksAppAdditions.h"; path = "source/NSString-BooksAppAdditions.h"; sourceTree = "<group>"; };
		F8214BA10D7A0B05006A195D /* NSString-BooksAppAdditions.m */ = {isa = PBXFileReference; fileEncoding = 4; lastKnownFileType = sourcecode.c.objc; name = "NSString-BooksAppAdditions.m"; path = "source/NSString-BooksAppAdditions.m"; sourceTree = "<group>"; };
		F8214BA30D7A0B05006A195D /* jconfig.h */ = {isa = PBXFileReference; fileEncoding = 4; lastKnownFileType = sourcecode.c.h; path = jconfig.h; sourceTree = "<group>"; };
		F8214BA40D7A0B05006A195D /* jerror.h */ = {isa = PBXFileReference; fileEncoding = 4; lastKnownFileType = sourcecode.c.h; path = jerror.h; sourceTree = "<group>"; };
		F8214BA50D7A0B05006A195D /* jmorecfg.h */ = {isa = PBXFileReference; fileEncoding = 4; lastKnownFileType = sourcecode.c.h; path = jmorecfg.h; sourceTree = "<group>"; };
		F8214BA60D7A0B05006A195D /* jpeglib.h */ = {isa = PBXFileReference; fileEncoding = 4; lastKnownFileType = sourcecode.c.h; path = jpeglib.h; sourceTree = "<group>"; };
		F8214BA70D7A0B05006A195D /* palmconvert.h */ = {isa = PBXFileReference; fileEncoding = 4; lastKnownFileType = sourcecode.c.h; path = palmconvert.h; sourceTree = "<group>"; };
		F8214BA80D7A0B05006A195D /* palmconvert.m */ = {isa = PBXFileReference; fileEncoding = 4; lastKnownFileType = sourcecode.c.objc; path = palmconvert.m; sourceTree = "<group>"; };
		F8214BA90D7A0B05006A195D /* PalmDOCFormat.html */ = {isa = PBXFileReference; fileEncoding = 4; lastKnownFileType = text.html; path = PalmDOCFormat.html; sourceTree = "<group>"; };
		F8214BAA0D7A0B05006A195D /* PluckerFormat.html */ = {isa = PBXFileReference; fileEncoding = 4; lastKnownFileType = text.html; path = PluckerFormat.html; sourceTree = "<group>"; };
		F8214BAB0D7A0B05006A195D /* pluckhtml.h */ = {isa = PBXFileReference; fileEncoding = 4; lastKnownFileType = sourcecode.c.h; path = pluckhtml.h; sourceTree = "<group>"; };
		F8214BAC0D7A0B05006A195D /* pluckhtml.m */ = {isa = PBXFileReference; fileEncoding = 4; lastKnownFileType = sourcecode.c.objc; path = pluckhtml.m; sourceTree = "<group>"; };
		F8214BAD0D7A0B05006A195D /* txt2pdbdoc.h */ = {isa = PBXFileReference; fileEncoding = 4; lastKnownFileType = sourcecode.c.h; path = txt2pdbdoc.h; sourceTree = "<group>"; };
		F8214BAE0D7A0B05006A195D /* txt2pdbdoc.m */ = {isa = PBXFileReference; fileEncoding = 4; lastKnownFileType = sourcecode.c.objc; path = txt2pdbdoc.m; sourceTree = "<group>"; };
		F8214BAF0D7A0B05006A195D /* unpluck.c */ = {isa = PBXFileReference; fileEncoding = 4; lastKnownFileType = sourcecode.c.c; path = unpluck.c; sourceTree = "<group>"; };
		F8214BB00D7A0B05006A195D /* unpluck.h */ = {isa = PBXFileReference; fileEncoding = 4; lastKnownFileType = sourcecode.c.h; path = unpluck.h; sourceTree = "<group>"; };
		F8214BB10D7A0B05006A195D /* unpluckint.h */ = {isa = PBXFileReference; fileEncoding = 4; lastKnownFileType = sourcecode.c.h; path = unpluckint.h; sourceTree = "<group>"; };
		F8214BB20D7A0B05006A195D /* util.c */ = {isa = PBXFileReference; fileEncoding = 4; lastKnownFileType = sourcecode.c.c; path = util.c; sourceTree = "<group>"; };
		F8214BB30D7A0B05006A195D /* PreferencesController.h */ = {isa = PBXFileReference; fileEncoding = 4; lastKnownFileType = sourcecode.c.h; name = PreferencesController.h; path = source/PreferencesController.h; sourceTree = "<group>"; };
		F8214BB40D7A0B05006A195D /* PreferencesController.m */ = {isa = PBXFileReference; fileEncoding = 4; lastKnownFileType = sourcecode.c.objc; name = PreferencesController.m; path = source/PreferencesController.m; sourceTree = "<group>"; };
		F8214BB50D7A0B05006A195D /* Regex.h */ = {isa = PBXFileReference; fileEncoding = 4; lastKnownFileType = sourcecode.c.h; name = Regex.h; path = source/Regex.h; sourceTree = "<group>"; };
		F8214BB60D7A0B05006A195D /* Regex.m */ = {isa = PBXFileReference; fileEncoding = 4; lastKnownFileType = sourcecode.c.objc; name = Regex.m; path = source/Regex.m; sourceTree = "<group>"; };
		F8214BB70D7A0B05006A195D /* UIViewHeartbeat.h */ = {isa = PBXFileReference; fileEncoding = 4; lastKnownFileType = sourcecode.c.h; name = UIViewHeartbeat.h; path = source/UIViewHeartbeat.h; sourceTree = "<group>"; };
		F83E51C90D8304A0007EAEEF /* Dummy.app */ = {isa = PBXFileReference; explicitFileType = wrapper.application; includeInIndex = 0; path = Dummy.app; sourceTree = BUILT_PRODUCTS_DIR; };
		F83E51CB0D8304A0007EAEEF /* Dummy-Info.plist */ = {isa = PBXFileReference; lastKnownFileType = text.plist.xml; path = "Dummy-Info.plist"; sourceTree = "<group>"; };
		F8AFA2050D831EBF007DC91F /* AGRegex.h */ = {isa = PBXFileReference; fileEncoding = 4; lastKnownFileType = sourcecode.c.h; name = AGRegex.h; path = source/AGRegex/AGRegex.h; sourceTree = "<group>"; };
		F8AFA2060D831EBF007DC91F /* AGRegex.m */ = {isa = PBXFileReference; fileEncoding = 4; lastKnownFileType = sourcecode.c.objc; name = AGRegex.m; path = source/AGRegex/AGRegex.m; sourceTree = "<group>"; };
		F8AFA2070D831EBF007DC91F /* chartables.c */ = {isa = PBXFileReference; fileEncoding = 4; lastKnownFileType = sourcecode.c.c; name = chartables.c; path = source/AGRegex/chartables.c; sourceTree = "<group>"; };
		F8AFA2080D831EBF007DC91F /* config.h */ = {isa = PBXFileReference; fileEncoding = 4; lastKnownFileType = sourcecode.c.h; name = config.h; path = source/AGRegex/config.h; sourceTree = "<group>"; };
		F8AFA2090D831EBF007DC91F /* get.c */ = {isa = PBXFileReference; fileEncoding = 4; lastKnownFileType = sourcecode.c.c; name = get.c; path = source/AGRegex/get.c; sourceTree = "<group>"; };
		F8AFA20A0D831EBF007DC91F /* internal.h */ = {isa = PBXFileReference; fileEncoding = 4; lastKnownFileType = sourcecode.c.h; name = internal.h; path = source/AGRegex/internal.h; sourceTree = "<group>"; };
		F8AFA20B0D831EBF007DC91F /* maketables.c */ = {isa = PBXFileReference; fileEncoding = 4; lastKnownFileType = sourcecode.c.c; name = maketables.c; path = source/AGRegex/maketables.c; sourceTree = "<group>"; };
		F8AFA20C0D831EBF007DC91F /* pcre.c */ = {isa = PBXFileReference; fileEncoding = 4; lastKnownFileType = sourcecode.c.c; name = pcre.c; path = source/AGRegex/pcre.c; sourceTree = "<group>"; };
		F8AFA20D0D831EBF007DC91F /* pcre.h */ = {isa = PBXFileReference; fileEncoding = 4; lastKnownFileType = sourcecode.c.h; name = pcre.h; path = source/AGRegex/pcre.h; sourceTree = "<group>"; };
		F8AFA20E0D831EBF007DC91F /* study.c */ = {isa = PBXFileReference; fileEncoding = 4; lastKnownFileType = sourcecode.c.c; name = study.c; path = source/AGRegex/study.c; sourceTree = "<group>"; };
		F8F3D4A20D87865A00089C63 /* FileNavigationItem.h */ = {isa = PBXFileReference; fileEncoding = 4; lastKnownFileType = sourcecode.c.h; name = FileNavigationItem.h; path = source/FileNavigationItem.h; sourceTree = "<group>"; };
		F8F3D4A30D87865A00089C63 /* FileNavigationItem.m */ = {isa = PBXFileReference; fileEncoding = 4; lastKnownFileType = sourcecode.c.objc; name = FileNavigationItem.m; path = source/FileNavigationItem.m; sourceTree = "<group>"; };
/* End PBXFileReference section */

/* Begin PBXFrameworksBuildPhase section */
		F83E51C70D8304A0007EAEEF /* Frameworks */ = {
			isa = PBXFrameworksBuildPhase;
			buildActionMask = 2147483647;
			files = (
			);
			runOnlyForDeploymentPostprocessing = 0;
		};
/* End PBXFrameworksBuildPhase section */

/* Begin PBXGroup section */
		080E96DDFE201D6D7F000001 /* Classes */ = {
			isa = PBXGroup;
			children = (
				F8AFA2040D831EAC007DC91F /* AGRegex */,
				F8214B880D7A0B05006A195D /* BooksDefaultsController.h */,
				F8214B860D7A0B05006A195D /* BooksApp.h */,
				F8214B870D7A0B05006A195D /* BooksApp.m */,
				F8214B9B0D7A0B05006A195D /* HideableNavBar.h */,
				F8214B9C0D7A0B05006A195D /* HideableNavBar.m */,
				F8214B890D7A0B05006A195D /* BooksDefaultsController.m */,
				F8214B8A0D7A0B05006A195D /* ChapteredHTML.h */,
				F8214B8B0D7A0B05006A195D /* ChapteredHTML.m */,
				F8214B8C0D7A0B05006A195D /* common.h */,
				F8214B8D0D7A0B05006A195D /* dolog.h */,
				F8214B8E0D7A0B05006A195D /* dolog.m */,
				F8214B8F0D7A0B05006A195D /* EBookImageView.h */,
				F8214B900D7A0B05006A195D /* EBookImageView.m */,
				F8214B910D7A0B05006A195D /* EBookView.h */,
				F8214B920D7A0B05006A195D /* EBookView.m */,
				F8214B930D7A0B05006A195D /* EncodingPrefsController.h */,
				F8214B940D7A0B05006A195D /* EncodingPrefsController.m */,
				F8214B950D7A0B05006A195D /* FileBrowser.h */,
				F8214B960D7A0B05006A195D /* FileBrowser.m */,
				F8214B970D7A0B05006A195D /* FileTable.h */,
				F8214B980D7A0B05006A195D /* FileTable.m */,
				F8214B990D7A0B05006A195D /* FontChoiceController.h */,
				F8214B9A0D7A0B05006A195D /* FontChoiceController.m */,
				F8214B9D0D7A0B05006A195D /* HTMLFixer.h */,
				F8214B9E0D7A0B05006A195D /* HTMLFixer.m */,
				F8214B9F0D7A0B05006A195D /* mainapp.m */,
				F8214BA00D7A0B05006A195D /* NSString-BooksAppAdditions.h */,
				F8214BA10D7A0B05006A195D /* NSString-BooksAppAdditions.m */,
				F8214BB30D7A0B05006A195D /* PreferencesController.h */,
				F8214BB40D7A0B05006A195D /* PreferencesController.m */,
				F8214BB50D7A0B05006A195D /* Regex.h */,
				F8214BB60D7A0B05006A195D /* Regex.m */,
				F8214BB70D7A0B05006A195D /* UIViewHeartbeat.h */,
				F8214BA20D7A0B05006A195D /* palm */,
				F8F3D4A20D87865A00089C63 /* FileNavigationItem.h */,
				F8F3D4A30D87865A00089C63 /* FileNavigationItem.m */,
			);
			name = Classes;
			sourceTree = "<group>";
		};
		19C28FACFE9D520D11CA2CBB /* Products */ = {
			isa = PBXGroup;
			children = (
				F83E51C90D8304A0007EAEEF /* Dummy.app */,
			);
			name = Products;
			sourceTree = "<group>";
		};
		29B97314FDCFA39411CA2CEA /* books */ = {
			isa = PBXGroup;
			children = (
				D92591D70C6B431100BBDBBC /* Makefile */,
				080E96DDFE201D6D7F000001 /* Classes */,
				29B97315FDCFA39411CA2CEA /* Other Sources */,
				29B97317FDCFA39411CA2CEA /* Resources */,
				29B97323FDCFA39411CA2CEA /* Frameworks */,
				19C28FACFE9D520D11CA2CBB /* Products */,
				F83E51CB0D8304A0007EAEEF /* Dummy-Info.plist */,
			);
			name = books;
			sourceTree = "<group>";
		};
		29B97315FDCFA39411CA2CEA /* Other Sources */ = {
			isa = PBXGroup;
			children = (
				D9C1849B0C6B467300A7383F /* books_Prefix.pch */,
			);
			name = "Other Sources";
			sourceTree = "<group>";
		};
		29B97317FDCFA39411CA2CEA /* Resources */ = {
			isa = PBXGroup;
			children = (
				8D1107310486CEB800E47090 /* Info.plist */,
			);
			name = Resources;
			sourceTree = "<group>";
		};
		29B97323FDCFA39411CA2CEA /* Frameworks */ = {
			isa = PBXGroup;
			children = (
				D90F56E20C671CD1007AE76B /* Foundation.framework */,
				D90F56E30C671CD1007AE76B /* UIKit.framework */,
			);
			name = Frameworks;
			sourceTree = "<group>";
		};
		F8214BA20D7A0B05006A195D /* palm */ = {
			isa = PBXGroup;
			children = (
				F8214BA30D7A0B05006A195D /* jconfig.h */,
				F8214BA40D7A0B05006A195D /* jerror.h */,
				F8214BA50D7A0B05006A195D /* jmorecfg.h */,
				F8214BA60D7A0B05006A195D /* jpeglib.h */,
				F8214BA70D7A0B05006A195D /* palmconvert.h */,
				F8214BA80D7A0B05006A195D /* palmconvert.m */,
				F8214BA90D7A0B05006A195D /* PalmDOCFormat.html */,
				F8214BAA0D7A0B05006A195D /* PluckerFormat.html */,
				F8214BAB0D7A0B05006A195D /* pluckhtml.h */,
				F8214BAC0D7A0B05006A195D /* pluckhtml.m */,
				F8214BAD0D7A0B05006A195D /* txt2pdbdoc.h */,
				F8214BAE0D7A0B05006A195D /* txt2pdbdoc.m */,
				F8214BAF0D7A0B05006A195D /* unpluck.c */,
				F8214BB00D7A0B05006A195D /* unpluck.h */,
				F8214BB10D7A0B05006A195D /* unpluckint.h */,
				F8214BB20D7A0B05006A195D /* util.c */,
			);
			name = palm;
			path = source/palm;
			sourceTree = "<group>";
		};
		F8AFA2040D831EAC007DC91F /* AGRegex */ = {
			isa = PBXGroup;
			children = (
				F8AFA2050D831EBF007DC91F /* AGRegex.h */,
				F8AFA2060D831EBF007DC91F /* AGRegex.m */,
				F8AFA2070D831EBF007DC91F /* chartables.c */,
				F8AFA2080D831EBF007DC91F /* config.h */,
				F8AFA2090D831EBF007DC91F /* get.c */,
				F8AFA20A0D831EBF007DC91F /* internal.h */,
				F8AFA20B0D831EBF007DC91F /* maketables.c */,
				F8AFA20C0D831EBF007DC91F /* pcre.c */,
				F8AFA20D0D831EBF007DC91F /* pcre.h */,
				F8AFA20E0D831EBF007DC91F /* study.c */,
			);
			name = AGRegex;
			sourceTree = "<group>";
		};
/* End PBXGroup section */

/* Begin PBXLegacyTarget section */
		D92591D10C6B42C700BBDBBC /* books */ = {
			isa = PBXLegacyTarget;
			buildArgumentsString = "$(ACTION)";
			buildConfigurationList = D92591D40C6B42CE00BBDBBC /* Build configuration list for PBXLegacyTarget "books" */;
			buildPhases = (
			);
			buildToolPath = /usr/bin/make;
			dependencies = (
			);
			name = books;
			passBuildSettingsInEnvironment = 1;
			productName = books;
		};
/* End PBXLegacyTarget section */

/* Begin PBXNativeTarget section */
		F83E51C80D8304A0007EAEEF /* Dummy */ = {
			isa = PBXNativeTarget;
			buildConfigurationList = F83E51CE0D8304A1007EAEEF /* Build configuration list for PBXNativeTarget "Dummy" */;
			buildPhases = (
				F83E51C50D8304A0007EAEEF /* Resources */,
				F83E51C60D8304A0007EAEEF /* Sources */,
				F83E51C70D8304A0007EAEEF /* Frameworks */,
			);
			buildRules = (
			);
			dependencies = (
			);
			name = Dummy;
			productName = Dummy;
			productReference = F83E51C90D8304A0007EAEEF /* Dummy.app */;
			productType = "com.apple.product-type.application";
		};
/* End PBXNativeTarget section */

/* Begin PBXProject section */
		29B97313FDCFA39411CA2CEA /* Project object */ = {
			isa = PBXProject;
			buildConfigurationList = C01FCF4E08A954540054247B /* Build configuration list for PBXProject "books" */;
			compatibilityVersion = "Xcode 2.4";
			hasScannedForEncodings = 1;
			mainGroup = 29B97314FDCFA39411CA2CEA /* books */;
			projectDirPath = "";
			projectRoot = "";
			targets = (
				D92591D10C6B42C700BBDBBC /* books */,
				F83E51C80D8304A0007EAEEF /* Dummy */,
			);
		};
/* End PBXProject section */

/* Begin PBXResourcesBuildPhase section */
		F83E51C50D8304A0007EAEEF /* Resources */ = {
			isa = PBXResourcesBuildPhase;
			buildActionMask = 2147483647;
			files = (
			);
			runOnlyForDeploymentPostprocessing = 0;
		};
/* End PBXResourcesBuildPhase section */

/* Begin PBXSourcesBuildPhase section */
		F83E51C60D8304A0007EAEEF /* Sources */ = {
			isa = PBXSourcesBuildPhase;
			buildActionMask = 2147483647;
			files = (
				F83E51F00D8304ED007EAEEF /* jconfig.h in Sources */,
				F83E51F10D8304ED007EAEEF /* jerror.h in Sources */,
				F83E51F20D8304ED007EAEEF /* jmorecfg.h in Sources */,
				F83E51F30D8304ED007EAEEF /* jpeglib.h in Sources */,
				F83E51F40D8304ED007EAEEF /* palmconvert.h in Sources */,
				F83E51F50D8304ED007EAEEF /* palmconvert.m in Sources */,
				F83E51F60D8304ED007EAEEF /* pluckhtml.h in Sources */,
				F83E51F70D8304ED007EAEEF /* pluckhtml.m in Sources */,
				F83E51F80D8304ED007EAEEF /* txt2pdbdoc.h in Sources */,
				F83E51F90D8304ED007EAEEF /* txt2pdbdoc.m in Sources */,
				F83E51FA0D8304ED007EAEEF /* unpluck.c in Sources */,
				F83E51FB0D8304ED007EAEEF /* unpluck.h in Sources */,
				F83E51FC0D8304ED007EAEEF /* unpluckint.h in Sources */,
				F83E51FD0D8304ED007EAEEF /* util.c in Sources */,
				F83E51CF0D8304E0007EAEEF /* BooksApp.h in Sources */,
				F83E51D00D8304E0007EAEEF /* BooksApp.m in Sources */,
				F83E51D10D8304E0007EAEEF /* BooksDefaultsController.h in Sources */,
				F83E51D20D8304E0007EAEEF /* BooksDefaultsController.m in Sources */,
				F83E51D30D8304E0007EAEEF /* ChapteredHTML.h in Sources */,
				F83E51D40D8304E0007EAEEF /* ChapteredHTML.m in Sources */,
				F83E51D50D8304E0007EAEEF /* common.h in Sources */,
				F83E51D60D8304E0007EAEEF /* dolog.h in Sources */,
				F83E51D70D8304E0007EAEEF /* dolog.m in Sources */,
				F83E51D80D8304E0007EAEEF /* EBookImageView.h in Sources */,
				F83E51D90D8304E0007EAEEF /* EBookImageView.m in Sources */,
				F83E51DA0D8304E0007EAEEF /* EBookView.h in Sources */,
				F83E51DB0D8304E0007EAEEF /* EBookView.m in Sources */,
				F83E51DC0D8304E0007EAEEF /* EncodingPrefsController.h in Sources */,
				F83E51DD0D8304E0007EAEEF /* EncodingPrefsController.m in Sources */,
				F83E51DE0D8304E0007EAEEF /* FileBrowser.h in Sources */,
				F83E51DF0D8304E0007EAEEF /* FileBrowser.m in Sources */,
				F83E51E00D8304E0007EAEEF /* FileTable.h in Sources */,
				F83E51E10D8304E0007EAEEF /* FileTable.m in Sources */,
				F83E51E20D8304E0007EAEEF /* FontChoiceController.h in Sources */,
				F83E51E30D8304E0007EAEEF /* FontChoiceController.m in Sources */,
				F83E51E40D8304E0007EAEEF /* HideableNavBar.h in Sources */,
				F83E51E50D8304E0007EAEEF /* HideableNavBar.m in Sources */,
				F83E51E60D8304E0007EAEEF /* HTMLFixer.h in Sources */,
				F83E51E70D8304E0007EAEEF /* HTMLFixer.m in Sources */,
				F83E51E80D8304E0007EAEEF /* mainapp.m in Sources */,
				F83E51E90D8304E0007EAEEF /* NSString-BooksAppAdditions.h in Sources */,
				F83E51EA0D8304E0007EAEEF /* NSString-BooksAppAdditions.m in Sources */,
				F83E51EB0D8304E0007EAEEF /* PreferencesController.h in Sources */,
				F83E51EC0D8304E0007EAEEF /* PreferencesController.m in Sources */,
				F83E51ED0D8304E0007EAEEF /* Regex.h in Sources */,
				F83E51EE0D8304E0007EAEEF /* Regex.m in Sources */,
				F83E51EF0D8304E0007EAEEF /* UIViewHeartbeat.h in Sources */,
			);
			runOnlyForDeploymentPostprocessing = 0;
		};
/* End PBXSourcesBuildPhase section */

/* Begin XCBuildConfiguration section */
		C01FCF4F08A954540054247B /* Debug */ = {
			isa = XCBuildConfiguration;
			buildSettings = {
				ARCHS = arm;
				CC = "/usr/local/iphonedev/bin/arm-apple-darwin-cc";
				CXX = "/usr/local/iphonedev/bin/arm-apple-darwin-cc";
				GCC_WARN_ABOUT_RETURN_TYPE = YES;
				GCC_WARN_UNUSED_VARIABLE = YES;
				LD = "/usr/local/iphonedev/bin/arm-apple-darwin-cc";
				PREBINDING = NO;
				SDKROOT = /Developer/SDKs/iPhone.sdk;
				SHARED_PRECOMPS_DIR = "/Library/Caches/com.apple.Xcode.iPhone.$(UID)/SharedPrecompiledHeaders";
			};
			name = Debug;
		};
		C01FCF5008A954540054247B /* Release */ = {
			isa = XCBuildConfiguration;
			buildSettings = {
				ARCHS = arm;
				CC = "/usr/local/iphonedev/bin/arm-apple-darwin-cc";
				CXX = "/usr/local/iphonedev/bin/arm-apple-darwin-cc";
				GCC_WARN_ABOUT_RETURN_TYPE = YES;
				GCC_WARN_UNUSED_VARIABLE = YES;
				LD = "/usr/local/iphonedev/bin/arm-apple-darwin-cc";
				PREBINDING = NO;
				SDKROOT = /Developer/SDKs/iPhone.sdk;
				SHARED_PRECOMPS_DIR = "/Library/Caches/com.apple.Xcode.iPhone.$(UID)/SharedPrecompiledHeaders";
			};
			name = Release;
		};
		D92591D50C6B42CE00BBDBBC /* Debug */ = {
			isa = XCBuildConfiguration;
			buildSettings = {
				COPY_PHASE_STRIP = NO;
				GCC_DYNAMIC_NO_PIC = NO;
				GCC_GENERATE_DEBUGGING_SYMBOLS = YES;
				GCC_OPTIMIZATION_LEVEL = 0;
				PRODUCT_NAME = books;
			};
			name = Debug;
		};
		D92591D60C6B42CE00BBDBBC /* Release */ = {
			isa = XCBuildConfiguration;
			buildSettings = {
				COPY_PHASE_STRIP = YES;
				GCC_ENABLE_FIX_AND_CONTINUE = NO;
				GCC_GENERATE_DEBUGGING_SYMBOLS = NO;
				PRODUCT_NAME = books;
				ZERO_LINK = NO;
			};
			name = Release;
		};
		F83E51CC0D8304A1007EAEEF /* Debug */ = {
			isa = XCBuildConfiguration;
			buildSettings = {
				ALWAYS_SEARCH_USER_PATHS = NO;
				ARCHS = "$(ARCHS_STANDARD_32_BIT_PRE_XCODE_3_1)";
				ARCHS_STANDARD_32_BIT_PRE_XCODE_3_1 = "ppc i386";
				COPY_PHASE_STRIP = NO;
				GCC_DYNAMIC_NO_PIC = NO;
				GCC_ENABLE_FIX_AND_CONTINUE = YES;
				GCC_MODEL_TUNING = G5;
				GCC_OPTIMIZATION_LEVEL = 0;
				GCC_PRECOMPILE_PREFIX_HEADER = YES;
				GCC_PREFIX_HEADER = "$(SYSTEM_LIBRARY_DIR)/Frameworks/AppKit.framework/Headers/AppKit.h";
				INFOPLIST_FILE = "Dummy-Info.plist";
				INSTALL_PATH = "$(HOME)/Applications";
				OTHER_LDFLAGS = (
					"-framework",
					Foundation,
					"-framework",
					AppKit,
				);
				PREBINDING = NO;
				PRODUCT_NAME = Dummy;
			};
			name = Debug;
		};
		F83E51CD0D8304A1007EAEEF /* Release */ = {
			isa = XCBuildConfiguration;
			buildSettings = {
				ALWAYS_SEARCH_USER_PATHS = NO;
				ARCHS = "$(ARCHS_STANDARD_32_BIT_PRE_XCODE_3_1)";
				ARCHS_STANDARD_32_BIT_PRE_XCODE_3_1 = "ppc i386";
				COPY_PHASE_STRIP = YES;
				DEBUG_INFORMATION_FORMAT = "dwarf-with-dsym";
				GCC_ENABLE_FIX_AND_CONTINUE = NO;
				GCC_MODEL_TUNING = G5;
				GCC_PRECOMPILE_PREFIX_HEADER = YES;
				GCC_PREFIX_HEADER = "$(SYSTEM_LIBRARY_DIR)/Frameworks/AppKit.framework/Headers/AppKit.h";
				INFOPLIST_FILE = "Dummy-Info.plist";
				INSTALL_PATH = "$(HOME)/Applications";
				OTHER_LDFLAGS = (
					"-framework",
					Foundation,
					"-framework",
					AppKit,
				);
				PREBINDING = NO;
				PRODUCT_NAME = Dummy;
				ZERO_LINK = NO;
			};
			name = Release;
		};
/* End XCBuildConfiguration section */

/* Begin XCConfigurationList section */
		C01FCF4E08A954540054247B /* Build configuration list for PBXProject "books" */ = {
			isa = XCConfigurationList;
			buildConfigurations = (
				C01FCF4F08A954540054247B /* Debug */,
				C01FCF5008A954540054247B /* Release */,
			);
			defaultConfigurationIsVisible = 0;
			defaultConfigurationName = Release;
		};
		D92591D40C6B42CE00BBDBBC /* Build configuration list for PBXLegacyTarget "books" */ = {
			isa = XCConfigurationList;
			buildConfigurations = (
				D92591D50C6B42CE00BBDBBC /* Debug */,
				D92591D60C6B42CE00BBDBBC /* Release */,
			);
			defaultConfigurationIsVisible = 0;
			defaultConfigurationName = Release;
		};
		F83E51CE0D8304A1007EAEEF /* Build configuration list for PBXNativeTarget "Dummy" */ = {
			isa = XCConfigurationList;
			buildConfigurations = (
				F83E51CC0D8304A1007EAEEF /* Debug */,
				F83E51CD0D8304A1007EAEEF /* Release */,
			);
			defaultConfigurationIsVisible = 0;
			defaultConfigurationName = Release;
		};
/* End XCConfigurationList section */
	};
	rootObject = 29B97313FDCFA39411CA2CEA /* Project object */;
}
